
Microsoft Visual Studio Solution File, Format Version 12.00
# Visual Studio Version 17
VisualStudioVersion = 17.0.32112.339
MinimumVisualStudioVersion = 10.0.40219.1
Project("{9A19103F-16F7-4668-BE54-9A1E7A4F7556}") = "SunTestProject", "SunTestProject\SunTestProject.csproj", "{BD567DA7-5D92-410E-B337-5586701CC68D}"
EndProject
Project("{9A19103F-16F7-4668-BE54-9A1E7A4F7556}") = "Application", "Application\Application.csproj", "{46B5C5B3-BDF0-4E05-B6BE-0278B9F74095}"
EndProject
Project("{9A19103F-16F7-4668-BE54-9A1E7A4F7556}") = "Domain", "Domain\Domain.csproj", "{B2BF3991-409D-4079-8375-76685AECBEEE}"
EndProject
Project("{9A19103F-16F7-4668-BE54-9A1E7A4F7556}") = "Infrastructure", "Infrastructure\Infrastructure.csproj", "{67D9C254-1BF8-45ED-89B7-E6FFBFD1EBD4}"
EndProject
Global
	GlobalSection(SolutionConfigurationPlatforms) = preSolution
		Debug|Any CPU = Debug|Any CPU
		Release|Any CPU = Release|Any CPU
	EndGlobalSection
	GlobalSection(ProjectConfigurationPlatforms) = postSolution
		{BD567DA7-5D92-410E-B337-5586701CC68D}.Debug|Any CPU.ActiveCfg = Debug|Any CPU
		{BD567DA7-5D92-410E-B337-5586701CC68D}.Debug|Any CPU.Build.0 = Debug|Any CPU
		{BD567DA7-5D92-410E-B337-5586701CC68D}.Release|Any CPU.ActiveCfg = Release|Any CPU
		{BD567DA7-5D92-410E-B337-5586701CC68D}.Release|Any CPU.Build.0 = Release|Any CPU
		{46B5C5B3-BDF0-4E05-B6BE-0278B9F74095}.Debug|Any CPU.ActiveCfg = Debug|Any CPU
		{46B5C5B3-BDF0-4E05-B6BE-0278B9F74095}.Debug|Any CPU.Build.0 = Debug|Any CPU
		{46B5C5B3-BDF0-4E05-B6BE-0278B9F74095}.Release|Any CPU.ActiveCfg = Release|Any CPU
		{46B5C5B3-BDF0-4E05-B6BE-0278B9F74095}.Release|Any CPU.Build.0 = Release|Any CPU
		{B2BF3991-409D-4079-8375-76685AECBEEE}.Debug|Any CPU.ActiveCfg = Debug|Any CPU
		{B2BF3991-409D-4079-8375-76685AECBEEE}.Debug|Any CPU.Build.0 = Debug|Any CPU
		{B2BF3991-409D-4079-8375-76685AECBEEE}.Release|Any CPU.ActiveCfg = Release|Any CPU
		{B2BF3991-409D-4079-8375-76685AECBEEE}.Release|Any CPU.Build.0 = Release|Any CPU
		{67D9C254-1BF8-45ED-89B7-E6FFBFD1EBD4}.Debug|Any CPU.ActiveCfg = Debug|Any CPU
		{67D9C254-1BF8-45ED-89B7-E6FFBFD1EBD4}.Debug|Any CPU.Build.0 = Debug|Any CPU
		{67D9C254-1BF8-45ED-89B7-E6FFBFD1EBD4}.Release|Any CPU.ActiveCfg = Release|Any CPU
		{67D9C254-1BF8-45ED-89B7-E6FFBFD1EBD4}.Release|Any CPU.Build.0 = Release|Any CPU
	EndGlobalSection
	GlobalSection(SolutionProperties) = preSolution
		HideSolutionNode = FALSE
	EndGlobalSection
	GlobalSection(ExtensibilityGlobals) = postSolution
		SolutionGuid = {F5A73F2A-9527-4D72-9EE8-2C2D2AD760A3}
	EndGlobalSection
EndGlobal
